{
  "name": "storeapp",
  "version": "0.1.0",
  "lockfileVersion": 3,
  "requires": true,
  "packages": {
    "": {
      "name": "storeapp",
      "version": "0.1.0",
      "dependencies": {
        "storeapp": "file:"
      }
    },
    "node_modules/storeapp": {
      "resolved": "",
      "link": true
    }
  }
}
